
Microsoft Visual Studio Solution File, Format Version 12.00
# Visual Studio Version 16
VisualStudioVersion = 16.0.31424.327
MinimumVisualStudioVersion = 10.0.40219.1
Project("{9A19103F-16F7-4668-BE54-9A1E7A4F7556}") = "CardDungeonBlazor", "CardDungeonBlazor\CardDungeonBlazor.csproj", "{0CF4C786-B9DE-45A0-9937-786C9A11CADB}"
EndProject
Project("{9A19103F-16F7-4668-BE54-9A1E7A4F7556}") = "CardGame", "CardGame\CardGame.csproj", "{EECE49F6-7566-471D-8171-59B68BAF97DA}"
EndProject
Project("{2150E333-8FDC-42A3-9474-1A3956D46DE8}") = "Solution Items", "Solution Items", "{4212334D-BC4E-4F87-B125-D018D35B830F}"
	ProjectSection(SolutionItems) = preProject
		.editorconfig = .editorconfig
	EndProjectSection
EndProject
Project("{9A19103F-16F7-4668-BE54-9A1E7A4F7556}") = "Data", "Data\Data.csproj", "{3D54439E-8A45-45C6-9DE1-676DDAD902A3}"
EndProject
Project("{9A19103F-16F7-4668-BE54-9A1E7A4F7556}") = "Services", "Services\Services.csproj", "{2E0D99A3-96DA-440F-BA9D-D277FDF5FFDC}"
EndProject
Project("{9A19103F-16F7-4668-BE54-9A1E7A4F7556}") = "Test", "Test\Test.csproj", "{C098852A-1AA1-4618-A1DC-28774B29685A}"
EndProject
Project("{9A19103F-16F7-4668-BE54-9A1E7A4F7556}") = "DataConstraints", "DataConstraints\DataConstraints.csproj", "{9D4958C5-352F-48EE-8EDE-54194E650E5F}"
EndProject
Global
	GlobalSection(SolutionConfigurationPlatforms) = preSolution
		Debug|Any CPU = Debug|Any CPU
		Release|Any CPU = Release|Any CPU
	EndGlobalSection
	GlobalSection(ProjectConfigurationPlatforms) = postSolution
		{0CF4C786-B9DE-45A0-9937-786C9A11CADB}.Debug|Any CPU.ActiveCfg = Debug|Any CPU
		{0CF4C786-B9DE-45A0-9937-786C9A11CADB}.Debug|Any CPU.Build.0 = Debug|Any CPU
		{0CF4C786-B9DE-45A0-9937-786C9A11CADB}.Release|Any CPU.ActiveCfg = Release|Any CPU
		{0CF4C786-B9DE-45A0-9937-786C9A11CADB}.Release|Any CPU.Build.0 = Release|Any CPU
		{EECE49F6-7566-471D-8171-59B68BAF97DA}.Debug|Any CPU.ActiveCfg = Debug|Any CPU
		{EECE49F6-7566-471D-8171-59B68BAF97DA}.Debug|Any CPU.Build.0 = Debug|Any CPU
		{EECE49F6-7566-471D-8171-59B68BAF97DA}.Release|Any CPU.ActiveCfg = Release|Any CPU
		{EECE49F6-7566-471D-8171-59B68BAF97DA}.Release|Any CPU.Build.0 = Release|Any CPU
		{3D54439E-8A45-45C6-9DE1-676DDAD902A3}.Debug|Any CPU.ActiveCfg = Debug|Any CPU
		{3D54439E-8A45-45C6-9DE1-676DDAD902A3}.Debug|Any CPU.Build.0 = Debug|Any CPU
		{3D54439E-8A45-45C6-9DE1-676DDAD902A3}.Release|Any CPU.ActiveCfg = Release|Any CPU
		{3D54439E-8A45-45C6-9DE1-676DDAD902A3}.Release|Any CPU.Build.0 = Release|Any CPU
		{2E0D99A3-96DA-440F-BA9D-D277FDF5FFDC}.Debug|Any CPU.ActiveCfg = Debug|Any CPU
		{2E0D99A3-96DA-440F-BA9D-D277FDF5FFDC}.Debug|Any CPU.Build.0 = Debug|Any CPU
		{2E0D99A3-96DA-440F-BA9D-D277FDF5FFDC}.Release|Any CPU.ActiveCfg = Release|Any CPU
		{2E0D99A3-96DA-440F-BA9D-D277FDF5FFDC}.Release|Any CPU.Build.0 = Release|Any CPU
		{C098852A-1AA1-4618-A1DC-28774B29685A}.Debug|Any CPU.ActiveCfg = Debug|Any CPU
		{C098852A-1AA1-4618-A1DC-28774B29685A}.Debug|Any CPU.Build.0 = Debug|Any CPU
		{C098852A-1AA1-4618-A1DC-28774B29685A}.Release|Any CPU.ActiveCfg = Release|Any CPU
		{C098852A-1AA1-4618-A1DC-28774B29685A}.Release|Any CPU.Build.0 = Release|Any CPU
		{9D4958C5-352F-48EE-8EDE-54194E650E5F}.Debug|Any CPU.ActiveCfg = Debug|Any CPU
		{9D4958C5-352F-48EE-8EDE-54194E650E5F}.Debug|Any CPU.Build.0 = Debug|Any CPU
		{9D4958C5-352F-48EE-8EDE-54194E650E5F}.Release|Any CPU.ActiveCfg = Release|Any CPU
		{9D4958C5-352F-48EE-8EDE-54194E650E5F}.Release|Any CPU.Build.0 = Release|Any CPU
	EndGlobalSection
	GlobalSection(SolutionProperties) = preSolution
		HideSolutionNode = FALSE
	EndGlobalSection
	GlobalSection(ExtensibilityGlobals) = postSolution
		SolutionGuid = {90A0A359-6D2F-4507-A1C2-37DDAE142FE0}
	EndGlobalSection
EndGlobal
